// !$*UTF8*$!
{
	archiveVersion = 1;
	classes = {
	};
	objectVersion = 46;
	objects = {

/* Begin PBXBuildFile section */
		9E71D9FE1F52A20A00DA3059 /* AppDelegate.swift in Sources */ = {isa = PBXBuildFile; fileRef = 9E71D9FD1F52A20A00DA3059 /* AppDelegate.swift */; };
		9E71DA001F52A20A00DA3059 /* ViewController.swift in Sources */ = {isa = PBXBuildFile; fileRef = 9E71D9FF1F52A20A00DA3059 /* ViewController.swift */; };
		9E71DA031F52A20A00DA3059 /* Main.storyboard in Resources */ = {isa = PBXBuildFile; fileRef = 9E71DA011F52A20A00DA3059 /* Main.storyboard */; };
		9E71DA051F52A20A00DA3059 /* Assets.xcassets in Resources */ = {isa = PBXBuildFile; fileRef = 9E71DA041F52A20A00DA3059 /* Assets.xcassets */; };
		9E71DA081F52A20A00DA3059 /* LaunchScreen.storyboard in Resources */ = {isa = PBXBuildFile; fileRef = 9E71DA061F52A20A00DA3059 /* LaunchScreen.storyboard */; };
		9E71DA131F52A74B00DA3059 /* AboutViewController.swift in Sources */ = {isa = PBXBuildFile; fileRef = 9E71DA121F52A74B00DA3059 /* AboutViewController.swift */; };
		9E71DA151F52B6FF00DA3059 /* BullsEye.html in Resources */ = {isa = PBXBuildFile; fileRef = 9E71DA141F52B6FF00DA3059 /* BullsEye.html */; };
/* End PBXBuildFile section */

/* Begin PBXFileReference section */
		9E71D9FA1F52A20A00DA3059 /* BullsEye.app */ = {isa = PBXFileReference; explicitFileType = wrapper.application; includeInIndex = 0; path = BullsEye.app; sourceTree = BUILT_PRODUCTS_DIR; };
		9E71D9FD1F52A20A00DA3059 /* AppDelegate.swift */ = {isa = PBXFileReference; lastKnownFileType = sourcecode.swift; path = AppDelegate.swift; sourceTree = "<group>"; };
		9E71D9FF1F52A20A00DA3059 /* ViewController.swift */ = {isa = PBXFileReference; lastKnownFileType = sourcecode.swift; path = ViewController.swift; sourceTree = "<group>"; };
		9E71DA021F52A20A00DA3059 /* Base */ = {isa = PBXFileReference; lastKnownFileType = file.storyboard; name = Base; path = Base.lproj/Main.storyboard; sourceTree = "<group>"; };
		9E71DA041F52A20A00DA3059 /* Assets.xcassets */ = {isa = PBXFileReference; lastKnownFileType = folder.assetcatalog; path = Assets.xcassets; sourceTree = "<group>"; };
		9E71DA071F52A20A00DA3059 /* Base */ = {isa = PBXFileReference; lastKnownFileType = file.storyboard; name = Base; path = Base.lproj/LaunchScreen.storyboard; sourceTree = "<group>"; };
		9E71DA091F52A20A00DA3059 /* Info.plist */ = {isa = PBXFileReference; lastKnownFileType = text.plist.xml; path = Info.plist; sourceTree = "<group>"; };
		9E71DA121F52A74B00DA3059 /* AboutViewController.swift */ = {isa = PBXFileReference; fileEncoding = 4; lastKnownFileType = sourcecode.swift; path = AboutViewController.swift; sourceTree = "<group>"; };
		9E71DA141F52B6FF00DA3059 /* BullsEye.html */ = {isa = PBXFileReference; fileEncoding = 4; lastKnownFileType = text.html; path = BullsEye.html; sourceTree = "<group>"; };
/* End PBXFileReference section */

/* Begin PBXFrameworksBuildPhase section */
		9E71D9F71F52A20A00DA3059 /* Frameworks */ = {
			isa = PBXFrameworksBuildPhase;
			buildActionMask = 2147483647;
			files = (
			);
			runOnlyForDeploymentPostprocessing = 0;
		};
/* End PBXFrameworksBuildPhase section */

/* Begin PBXGroup section */
		9E71D9F11F52A20A00DA3059 = {
			isa = PBXGroup;
			children = (
				9E71D9FC1F52A20A00DA3059 /* BullsEye */,
				9E71D9FB1F52A20A00DA3059 /* Products */,
			);
			sourceTree = "<group>";
		};
		9E71D9FB1F52A20A00DA3059 /* Products */ = {
			isa = PBXGroup;
			children = (
				9E71D9FA1F52A20A00DA3059 /* BullsEye.app */,
			);
			name = Products;
			sourceTree = "<group>";
		};
		9E71D9FC1F52A20A00DA3059 /* BullsEye */ = {
			isa = PBXGroup;
			children = (
				9E71DA141F52B6FF00DA3059 /* BullsEye.html */,
				9E71D9FD1F52A20A00DA3059 /* AppDelegate.swift */,
				9E71D9FF1F52A20A00DA3059 /* ViewController.swift */,
				9E71DA011F52A20A00DA3059 /* Main.storyboard */,
				9E71DA041F52A20A00DA3059 /* Assets.xcassets */,
				9E71DA061F52A20A00DA3059 /* LaunchScreen.storyboard */,
				9E71DA091F52A20A00DA3059 /* Info.plist */,
				9E71DA121F52A74B00DA3059 /* AboutViewController.swift */,
			);
			path = BullsEye;
			sourceTree = "<group>";
		};
/* End PBXGroup section */

/* Begin PBXNativeTarget section */
		9E71D9F91F52A20A00DA3059 /* BullsEye */ = {
			isa = PBXNativeTarget;
			buildConfigurationList = 9E71DA0C1F52A20A00DA3059 /* Build configuration list for PBXNativeTarget "BullsEye" */;
			buildPhases = (
				9E71D9F61F52A20A00DA3059 /* Sources */,
				9E71D9F71F52A20A00DA3059 /* Frameworks */,
				9E71D9F81F52A20A00DA3059 /* Resources */,
			);
			buildRules = (
			);
			dependencies = (
			);
			name = BullsEye;
			productName = BullsEye;
			productReference = 9E71D9FA1F52A20A00DA3059 /* BullsEye.app */;
			productType = "com.apple.product-type.application";
		};
/* End PBXNativeTarget section */

/* Begin PBXProject section */
		9E71D9F21F52A20A00DA3059 /* Project object */ = {
			isa = PBXProject;
			attributes = {
				LastSwiftUpdateCheck = 0830;
				LastUpgradeCheck = 0830;
				ORGANIZATIONNAME = wswijaya;
				TargetAttributes = {
					9E71D9F91F52A20A00DA3059 = {
						CreatedOnToolsVersion = 8.3.3;
						ProvisioningStyle = Automatic;
					};
				};
			};
			buildConfigurationList = 9E71D9F51F52A20A00DA3059 /* Build configuration list for PBXProject "BullsEye" */;
			compatibilityVersion = "Xcode 3.2";
			developmentRegion = English;
			hasScannedForEncodings = 0;
			knownRegions = (
				en,
				Base,
			);
			mainGroup = 9E71D9F11F52A20A00DA3059;
			productRefGroup = 9E71D9FB1F52A20A00DA3059 /* Products */;
			projectDirPath = "";
			projectRoot = "";
			targets = (
				9E71D9F91F52A20A00DA3059 /* BullsEye */,
			);
		};
/* End PBXProject section */

/* Begin PBXResourcesBuildPhase section */
		9E71D9F81F52A20A00DA3059 /* Resources */ = {
			isa = PBXResourcesBuildPhase;
			buildActionMask = 2147483647;
			files = (
				9E71DA081F52A20A00DA3059 /* LaunchScreen.storyboard in Resources */,
				9E71DA151F52B6FF00DA3059 /* BullsEye.html in Resources */,
				9E71DA051F52A20A00DA3059 /* Assets.xcassets in Resources */,
				9E71DA031F52A20A00DA3059 /* Main.storyboard in Resources */,
			);
			runOnlyForDeploymentPostprocessing = 0;
		};
/* End PBXResourcesBuildPhase section */

/* Begin PBXSourcesBuildPhase section */
		9E71D9F61F52A20A00DA3059 /* Sources */ = {
			isa = PBXSourcesBuildPhase;
			buildActionMask = 2147483647;
			files = (
				9E71DA131F52A74B00DA3059 /* AboutViewController.swift in Sources */,
				9E71DA001F52A20A00DA3059 /* ViewController.swift in Sources */,
				9E71D9FE1F52A20A00DA3059 /* AppDelegate.swift in Sources */,
			);
			runOnlyForDeploymentPostprocessing = 0;
		};
/* End PBXSourcesBuildPhase section */

/* Begin PBXVariantGroup section */
		9E71DA011F52A20A00DA3059 /* Main.storyboard */ = {
			isa = PBXVariantGroup;
			children = (
				9E71DA021F52A20A00DA3059 /* Base */,
			);
			name = Main.storyboard;
			sourceTree = "<group>";
		};
		9E71DA061F52A20A00DA3059 /* LaunchScreen.storyboard */ = {
			isa = PBXVariantGroup;
			children = (
				9E71DA071F52A20A00DA3059 /* Base */,
			);
			name = LaunchScreen.storyboard;
			sourceTree = "<group>";
		};
/* End PBXVariantGroup section */

/* Begin XCBuildConfiguration section */
		9E71DA0A1F52A20A00DA3059 /* Debug */ = {
			isa = XCBuildConfiguration;
			buildSettings = {
				ALWAYS_SEARCH_USER_PATHS = NO;
				CLANG_ANALYZER_NONNULL = YES;
				CLANG_ANALYZER_NUMBER_OBJECT_CONVERSION = YES_AGGRESSIVE;
				CLANG_CXX_LANGUAGE_STANDARD = "gnu++0x";
				CLANG_CXX_LIBRARY = "libc++";
				CLANG_ENABLE_MODULES = YES;
				CLANG_ENABLE_OBJC_ARC = YES;
				CLANG_WARN_BOOL_CONVERSION = YES;
				CLANG_WARN_CONSTANT_CONVERSION = YES;
				CLANG_WARN_DIRECT_OBJC_ISA_USAGE = YES_ERROR;
				CLANG_WARN_DOCUMENTATION_COMMENTS = YES;
				CLANG_WARN_EMPTY_BODY = YES;
				CLANG_WARN_ENUM_CONVERSION = YES;
				CLANG_WARN_INFINITE_RECURSION = YES;
				CLANG_WARN_INT_CONVERSION = YES;
				CLANG_WARN_OBJC_ROOT_CLASS = YES_ERROR;
				CLANG_WARN_SUSPICIOUS_MOVE = YES;
				CLANG_WARN_UNREACHABLE_CODE = YES;
				CLANG_WARN__DUPLICATE_METHOD_MATCH = YES;
				"CODE_SIGN_IDENTITY[sdk=iphoneos*]" = "iPhone Developer";
				COPY_PHASE_STRIP = NO;
				DEBUG_INFORMATION_FORMAT = dwarf;
				ENABLE_STRICT_OBJC_MSGSEND = YES;
				ENABLE_TESTABILITY = YES;
				GCC_C_LANGUAGE_STANDARD = gnu99;
				GCC_DYNAMIC_NO_PIC = NO;
				GCC_NO_COMMON_BLOCKS = YES;
				GCC_OPTIMIZATION_LEVEL = 0;
				GCC_PREPROCESSOR_DEFINITIONS = (
					"DEBUG=1",
					"$(inherited)",
				);
				GCC_WARN_64_TO_32_BIT_CONVERSION = YES;
				GCC_WARN_ABOUT_RETURN_TYPE = YES_ERROR;
				GCC_WARN_UNDECLARED_SELECTOR = YES;
				GCC_WARN_UNINITIALIZED_AUTOS = YES_AGGRESSIVE;
				GCC_WARN_UNUSED_FUNCTION = YES;
				GCC_WARN_UNUSED_VARIABLE = YES;
				IPHONEOS_DEPLOYMENT_TARGET = 10.3;
				MTL_ENABLE_DEBUG_INFO = YES;
				ONLY_ACTIVE_ARCH = YES;
				SDKROOT = iphoneos;
				SWIFT_ACTIVE_COMPILATION_CONDITIONS = DEBUG;
				SWIFT_OPTIMIZATION_LEVEL = "-Onone";
			};
			name = Debug;
		};
		9E71DA0B1F52A20A00DA3059 /* Release */ = {
			isa = XCBuildConfiguration;
			buildSettings = {
				ALWAYS_SEARCH_USER_PATHS = NO;
				CLANG_ANALYZER_NONNULL = YES;
				CLANG_ANALYZER_NUMBER_OBJECT_CONVERSION = YES_AGGRESSIVE;
				CLANG_CXX_LANGUAGE_STANDARD = "gnu++0x";
				CLANG_CXX_LIBRARY = "libc++";
				CLANG_ENABLE_MODULES = YES;
				CLANG_ENABLE_OBJC_ARC = YES;
				CLANG_WARN_BOOL_CONVERSION = YES;
				CLANG_WARN_CONSTANT_CONVERSION = YES;
				CLANG_WARN_DIRECT_OBJC_ISA_USAGE = YES_ERROR;
				CLANG_WARN_DOCUMENTATION_COMMENTS = YES;
				CLANG_WARN_EMPTY_BODY = YES;
				CLANG_WARN_ENUM_CONVERSION = YES;
				CLANG_WARN_INFINITE_RECURSION = YES;
				CLANG_WARN_INT_CONVERSION = YES;
				CLANG_WARN_OBJC_ROOT_CLASS = YES_ERROR;
				CLANG_WARN_SUSPICIOUS_MOVE = YES;
				CLANG_WARN_UNREACHABLE_CODE = YES;
				CLANG_WARN__DUPLICATE_METHOD_MATCH = YES;
				"CODE_SIGN_IDENTITY[sdk=iphoneos*]" = "iPhone Developer";
				COPY_PHASE_STRIP = NO;
				DEBUG_INFORMATION_FORMAT = "dwarf-with-dsym";
				ENABLE_NS_ASSERTIONS = NO;
				ENABLE_STRICT_OBJC_MSGSEND = YES;
				GCC_C_LANGUAGE_STANDARD = gnu99;
				GCC_NO_COMMON_BLOCKS = YES;
				GCC_WARN_64_TO_32_BIT_CONVERSION = YES;
				GCC_WARN_ABOUT_RETURN_TYPE = YES_ERROR;
				GCC_WARN_UNDECLARED_SELECTOR = YES;
				GCC_WARN_UNINITIALIZED_AUTOS = YES_AGGRESSIVE;
				GCC_WARN_UNUSED_FUNCTION = YES;
				GCC_WARN_UNUSED_VARIABLE = YES;
				IPHONEOS_DEPLOYMENT_TARGET = 10.3;
				MTL_ENABLE_DEBUG_INFO = NO;
				SDKROOT = iphoneos;
				SWIFT_OPTIMIZATION_LEVEL = "-Owholemodule";
				VALIDATE_PRODUCT = YES;
			};
			name = Release;
		};
		9E71DA0D1F52A20A00DA3059 /* Debug */ = {
			isa = XCBuildConfiguration;
			buildSettings = {
				ASSETCATALOG_COMPILER_APPICON_NAME = AppIcon;
				DEVELOPMENT_TEAM = "";
				INFOPLIST_FILE = BullsEye/Info.plist;
				LD_RUNPATH_SEARCH_PATHS = "$(inherited) @executable_path/Frameworks";
				PRODUCT_BUNDLE_IDENTIFIER = org.w19a.BullsEye;
				PRODUCT_NAME = "$(TARGET_NAME)";
				SWIFT_VERSION = 3.0;
			};
			name = Debug;
		};
		9E71DA0E1F52A20A00DA3059 /* Release */ = {
			isa = XCBuildConfiguration;
			buildSettings = {
				ASSETCATALOG_COMPILER_APPICON_NAME = AppIcon;
				DEVELOPMENT_TEAM = "";
				INFOPLIST_FILE = BullsEye/Info.plist;
				LD_RUNPATH_SEARCH_PATHS = "$(inherited) @executable_path/Frameworks";
				PRODUCT_BUNDLE_IDENTIFIER = org.w19a.BullsEye;
				PRODUCT_NAME = "$(TARGET_NAME)";
				SWIFT_VERSION = 3.0;
			};
			name = Release;
		};
/* End XCBuildConfiguration section */

/* Begin XCConfigurationList section */
		9E71D9F51F52A20A00DA3059 /* Build configuration list for PBXProject "BullsEye" */ = {
			isa = XCConfigurationList;
			buildConfigurations = (
				9E71DA0A1F52A20A00DA3059 /* Debug */,
				9E71DA0B1F52A20A00DA3059 /* Release */,
			);
			defaultConfigurationIsVisible = 0;
			defaultConfigurationName = Release;
		};
		9E71DA0C1F52A20A00DA3059 /* Build configuration list for PBXNativeTarget "BullsEye" */ = {
			isa = XCConfigurationList;
			buildConfigurations = (
				9E71DA0D1F52A20A00DA3059 /* Debug */,
				9E71DA0E1F52A20A00DA3059 /* Release */,
			);
			defaultConfigurationIsVisible = 0;
			defaultConfigurationName = Release;
		};
/* End XCConfigurationList section */
	};
	rootObject = 9E71D9F21F52A20A00DA3059 /* Project object */;
}
